
Microsoft Visual Studio Solution File, Format Version 12.00
# Visual Studio 2012
Project("{FAE04EC0-301F-11D3-BF4B-00C04F79EFBC}") = "TP.SC.Sitecore.Deployment", "TP.SC.Sitecore.Deployment\TP.SC.Sitecore.Deployment.csproj", "{B88A264C-E1A1-499F-8C5D-9BC6B0E46917}"
EndProject
Global
	GlobalSection(SolutionConfigurationPlatforms) = preSolution
		Debug|Any CPU = Debug|Any CPU
		Release|Any CPU = Release|Any CPU
	EndGlobalSection
	GlobalSection(ProjectConfigurationPlatforms) = postSolution
		{B88A264C-E1A1-499F-8C5D-9BC6B0E46917}.Debug|Any CPU.ActiveCfg = Debug|Any CPU
		{B88A264C-E1A1-499F-8C5D-9BC6B0E46917}.Debug|Any CPU.Build.0 = Debug|Any CPU
		{B88A264C-E1A1-499F-8C5D-9BC6B0E46917}.Release|Any CPU.ActiveCfg = Release|Any CPU
		{B88A264C-E1A1-499F-8C5D-9BC6B0E46917}.Release|Any CPU.Build.0 = Release|Any CPU
	EndGlobalSection
	GlobalSection(SolutionProperties) = preSolution
		HideSolutionNode = FALSE
	EndGlobalSection
EndGlobal
